NeoBundleLock jellybeans.vim f931895c20681684278aef2ffd810730b9c36ec3
NeoBundleLock jshint2.vim c94307e925d17b80c6ec9253837930ed3c3d558f
NeoBundleLock lightline.vim 967501e7a1cc96ef3aac596741e5ec30dc8ed566
NeoBundleLock molokai d9d7a54983ec72fd881d157be6d3e45605991b53
NeoBundleLock neocomplcache 778181767467b8f8016828898779a646074d883a
NeoBundleLock nerdtree bcf3de4fdffae45fc7c85b6b84a01b37177924aa
NeoBundleLock open-browser.vim e17535850b8096b79907df9059fb43c51448f038
NeoBundleLock php.vim-html-enhanced c4b71c2c9f0cfdddd5ac41cf5dcaf0ed20da4432
NeoBundleLock previm b130f24277e3c6a5afa3984921516b0a83b31d28
NeoBundleLock syntastic be111259ec4428ea10dbb02b54127cf348f17602
NeoBundleLock tabular 60f25648814f0695eeb6c1040d97adca93c4e0bb
NeoBundleLock unite-colorscheme 3aa33866a183f7659594a3f6b66b2334eaebc6a0
NeoBundleLock unite.vim d24ab928ba281b40cb913c17bd3190238a7f36f9
NeoBundleLock vim-autoclose a9a3b7384657bc1f60a963fd6c08c63fc48d61c3
NeoBundleLock vim-fugitive b319b694539017dcd789dc2c42f784a30d7b28b8
NeoBundleLock vim-indent-guides 4895e860258cd24c975255ef459af4b956107557
NeoBundleLock vim-javascript bab4f3944fb6ef0953991ddfb6c734219c95b83a
NeoBundleLock vim-over 0d99be7953f85c63eb4c904020eba9ce72f43e73
NeoBundleLock vim-quickrun ec9f7f2c26dd49ffaf4f3ce8c6254c76696fbf41
NeoBundleLock vim-rails f694d6213b2e3113ec5e45198603dd3a15373f01
NeoBundleLock vimtex 5d5c71044880443035e07009497962feacb56b20
